{
  "name": "aleph-webpage",
  "version": "0.1.0",
  "lockfileVersion": 1,
  "requires": true,
  "dependencies": {
    "aleph-naught": {
      "version": "file:../pkg"
    },
    "hello-wasm-pack": {
      "version": "0.1.0",
      "resolved": "https://registry.npmjs.org/hello-wasm-pack/-/hello-wasm-pack-0.1.0.tgz",
      "integrity": "sha512-3hx0GDkDLf/a9ThCMV2qG4mwza8N/MCtm8aeFFc/cdBCL2zMJ1kW1wjNl7xPqD1lz8Yl5+uhnc/cpui4dLwz/w==",
      "dev": true
    }
  }
}
